
Microsoft Visual Studio Solution File, Format Version 12.00
# Visual Studio Version 17
VisualStudioVersion = 17.13.35825.156 d17.13
MinimumVisualStudioVersion = 10.0.40219.1
Project("{FAE04EC0-301F-11D3-BF4B-00C04F79EFBC}") = "SberUniversity", "SberUniversity\SberUniversity.csproj", "{BEA95630-572F-4EF6-B18D-9A946D2F715D}"
EndProject
Global
	GlobalSection(SolutionConfigurationPlatforms) = preSolution
		Debug|Any CPU = Debug|Any CPU
		Release|Any CPU = Release|Any CPU
	EndGlobalSection
	GlobalSection(ProjectConfigurationPlatforms) = postSolution
		{BEA95630-572F-4EF6-B18D-9A946D2F715D}.Debug|Any CPU.ActiveCfg = Debug|Any CPU
		{BEA95630-572F-4EF6-B18D-9A946D2F715D}.Debug|Any CPU.Build.0 = Debug|Any CPU
		{BEA95630-572F-4EF6-B18D-9A946D2F715D}.Release|Any CPU.ActiveCfg = Release|Any CPU
		{BEA95630-572F-4EF6-B18D-9A946D2F715D}.Release|Any CPU.Build.0 = Release|Any CPU
	EndGlobalSection
	GlobalSection(SolutionProperties) = preSolution
		HideSolutionNode = FALSE
	EndGlobalSection
	GlobalSection(ExtensibilityGlobals) = postSolution
		SolutionGuid = {8A4E0C36-8CC8-48CD-A63A-DF8D1645219C}
	EndGlobalSection
EndGlobal
